// !$*UTF8*$!
{
	archiveVersion = 1;
	classes = {
	};
	objectVersion = 46;
	objects = {

/* Begin PBXBuildFile section */
		04432F931D4464A4003B05D9 /* CalculatorBrain.swift in Sources */ = {isa = PBXBuildFile; fileRef = 04432F921D4464A4003B05D9 /* CalculatorBrain.swift */; };
		049750B91D43369300EE4564 /* AppDelegate.swift in Sources */ = {isa = PBXBuildFile; fileRef = 049750B81D43369300EE4564 /* AppDelegate.swift */; };
		049750BB1D43369300EE4564 /* ViewController.swift in Sources */ = {isa = PBXBuildFile; fileRef = 049750BA1D43369300EE4564 /* ViewController.swift */; };
		049750BE1D43369300EE4564 /* Main.storyboard in Resources */ = {isa = PBXBuildFile; fileRef = 049750BC1D43369300EE4564 /* Main.storyboard */; };
		049750C01D43369300EE4564 /* Assets.xcassets in Resources */ = {isa = PBXBuildFile; fileRef = 049750BF1D43369300EE4564 /* Assets.xcassets */; };
		049750C31D43369300EE4564 /* LaunchScreen.storyboard in Resources */ = {isa = PBXBuildFile; fileRef = 049750C11D43369300EE4564 /* LaunchScreen.storyboard */; };
		049750CE1D43369300EE4564 /* test03Tests.swift in Sources */ = {isa = PBXBuildFile; fileRef = 049750CD1D43369300EE4564 /* test03Tests.swift */; };
		049750D91D43369300EE4564 /* test03UITests.swift in Sources */ = {isa = PBXBuildFile; fileRef = 049750D81D43369300EE4564 /* test03UITests.swift */; };
/* End PBXBuildFile section */

/* Begin PBXContainerItemProxy section */
		049750CA1D43369300EE4564 /* PBXContainerItemProxy */ = {
			isa = PBXContainerItemProxy;
			containerPortal = 049750AD1D43369300EE4564 /* Project object */;
			proxyType = 1;
			remoteGlobalIDString = 049750B41D43369300EE4564;
			remoteInfo = test03;
		};
		049750D51D43369300EE4564 /* PBXContainerItemProxy */ = {
			isa = PBXContainerItemProxy;
			containerPortal = 049750AD1D43369300EE4564 /* Project object */;
			proxyType = 1;
			remoteGlobalIDString = 049750B41D43369300EE4564;
			remoteInfo = test03;
		};
/* End PBXContainerItemProxy section */

/* Begin PBXFileReference section */
		04432F921D4464A4003B05D9 /* CalculatorBrain.swift */ = {isa = PBXFileReference; fileEncoding = 4; lastKnownFileType = sourcecode.swift; path = CalculatorBrain.swift; sourceTree = "<group>"; };
		049750B51D43369300EE4564 /* test03.app */ = {isa = PBXFileReference; explicitFileType = wrapper.application; includeInIndex = 0; path = test03.app; sourceTree = BUILT_PRODUCTS_DIR; };
		049750B81D43369300EE4564 /* AppDelegate.swift */ = {isa = PBXFileReference; lastKnownFileType = sourcecode.swift; path = AppDelegate.swift; sourceTree = "<group>"; };
		049750BA1D43369300EE4564 /* ViewController.swift */ = {isa = PBXFileReference; lastKnownFileType = sourcecode.swift; path = ViewController.swift; sourceTree = "<group>"; };
		049750BD1D43369300EE4564 /* Base */ = {isa = PBXFileReference; lastKnownFileType = file.storyboard; name = Base; path = Base.lproj/Main.storyboard; sourceTree = "<group>"; };
		049750BF1D43369300EE4564 /* Assets.xcassets */ = {isa = PBXFileReference; lastKnownFileType = folder.assetcatalog; path = Assets.xcassets; sourceTree = "<group>"; };
		049750C21D43369300EE4564 /* Base */ = {isa = PBXFileReference; lastKnownFileType = file.storyboard; name = Base; path = Base.lproj/LaunchScreen.storyboard; sourceTree = "<group>"; };
		049750C41D43369300EE4564 /* Info.plist */ = {isa = PBXFileReference; lastKnownFileType = text.plist.xml; path = Info.plist; sourceTree = "<group>"; };
		049750C91D43369300EE4564 /* test03Tests.xctest */ = {isa = PBXFileReference; explicitFileType = wrapper.cfbundle; includeInIndex = 0; path = test03Tests.xctest; sourceTree = BUILT_PRODUCTS_DIR; };
		049750CD1D43369300EE4564 /* test03Tests.swift */ = {isa = PBXFileReference; lastKnownFileType = sourcecode.swift; path = test03Tests.swift; sourceTree = "<group>"; };
		049750CF1D43369300EE4564 /* Info.plist */ = {isa = PBXFileReference; lastKnownFileType = text.plist.xml; path = Info.plist; sourceTree = "<group>"; };
		049750D41D43369300EE4564 /* test03UITests.xctest */ = {isa = PBXFileReference; explicitFileType = wrapper.cfbundle; includeInIndex = 0; path = test03UITests.xctest; sourceTree = BUILT_PRODUCTS_DIR; };
		049750D81D43369300EE4564 /* test03UITests.swift */ = {isa = PBXFileReference; lastKnownFileType = sourcecode.swift; path = test03UITests.swift; sourceTree = "<group>"; };
		049750DA1D43369300EE4564 /* Info.plist */ = {isa = PBXFileReference; lastKnownFileType = text.plist.xml; path = Info.plist; sourceTree = "<group>"; };
/* End PBXFileReference section */

/* Begin PBXFrameworksBuildPhase section */
		049750B21D43369300EE4564 /* Frameworks */ = {
			isa = PBXFrameworksBuildPhase;
			buildActionMask = 2147483647;
			files = (
			);
			runOnlyForDeploymentPostprocessing = 0;
		};
		049750C61D43369300EE4564 /* Frameworks */ = {
			isa = PBXFrameworksBuildPhase;
			buildActionMask = 2147483647;
			files = (
			);
			runOnlyForDeploymentPostprocessing = 0;
		};
		049750D11D43369300EE4564 /* Frameworks */ = {
			isa = PBXFrameworksBuildPhase;
			buildActionMask = 2147483647;
			files = (
			);
			runOnlyForDeploymentPostprocessing = 0;
		};
/* End PBXFrameworksBuildPhase section */

/* Begin PBXGroup section */
		049750AC1D43369300EE4564 = {
			isa = PBXGroup;
			children = (
				049750B71D43369300EE4564 /* test03 */,
				049750CC1D43369300EE4564 /* test03Tests */,
				049750D71D43369300EE4564 /* test03UITests */,
				049750B61D43369300EE4564 /* Products */,
			);
			sourceTree = "<group>";
		};
		049750B61D43369300EE4564 /* Products */ = {
			isa = PBXGroup;
			children = (
				049750B51D43369300EE4564 /* test03.app */,
				049750C91D43369300EE4564 /* test03Tests.xctest */,
				049750D41D43369300EE4564 /* test03UITests.xctest */,
			);
			name = Products;
			sourceTree = "<group>";
		};
		049750B71D43369300EE4564 /* test03 */ = {
			isa = PBXGroup;
			children = (
				049750B81D43369300EE4564 /* AppDelegate.swift */,
				049750BA1D43369300EE4564 /* ViewController.swift */,
				049750BC1D43369300EE4564 /* Main.storyboard */,
				04432F921D4464A4003B05D9 /* CalculatorBrain.swift */,
				049750BF1D43369300EE4564 /* Assets.xcassets */,
				049750C11D43369300EE4564 /* LaunchScreen.storyboard */,
				049750C41D43369300EE4564 /* Info.plist */,
			);
			path = test03;
			sourceTree = "<group>";
		};
		049750CC1D43369300EE4564 /* test03Tests */ = {
			isa = PBXGroup;
			children = (
				049750CD1D43369300EE4564 /* test03Tests.swift */,
				049750CF1D43369300EE4564 /* Info.plist */,
			);
			path = test03Tests;
			sourceTree = "<group>";
		};
		049750D71D43369300EE4564 /* test03UITests */ = {
			isa = PBXGroup;
			children = (
				049750D81D43369300EE4564 /* test03UITests.swift */,
				049750DA1D43369300EE4564 /* Info.plist */,
			);
			path = test03UITests;
			sourceTree = "<group>";
		};
/* End PBXGroup section */

/* Begin PBXNativeTarget section */
		049750B41D43369300EE4564 /* test03 */ = {
			isa = PBXNativeTarget;
			buildConfigurationList = 049750DD1D43369300EE4564 /* Build configuration list for PBXNativeTarget "test03" */;
			buildPhases = (
				049750B11D43369300EE4564 /* Sources */,
				049750B21D43369300EE4564 /* Frameworks */,
				049750B31D43369300EE4564 /* Resources */,
			);
			buildRules = (
			);
			dependencies = (
			);
			name = test03;
			productName = test03;
			productReference = 049750B51D43369300EE4564 /* test03.app */;
			productType = "com.apple.product-type.application";
		};
		049750C81D43369300EE4564 /* test03Tests */ = {
			isa = PBXNativeTarget;
			buildConfigurationList = 049750E01D43369300EE4564 /* Build configuration list for PBXNativeTarget "test03Tests" */;
			buildPhases = (
				049750C51D43369300EE4564 /* Sources */,
				049750C61D43369300EE4564 /* Frameworks */,
				049750C71D43369300EE4564 /* Resources */,
			);
			buildRules = (
			);
			dependencies = (
				049750CB1D43369300EE4564 /* PBXTargetDependency */,
			);
			name = test03Tests;
			productName = test03Tests;
			productReference = 049750C91D43369300EE4564 /* test03Tests.xctest */;
			productType = "com.apple.product-type.bundle.unit-test";
		};
		049750D31D43369300EE4564 /* test03UITests */ = {
			isa = PBXNativeTarget;
			buildConfigurationList = 049750E31D43369300EE4564 /* Build configuration list for PBXNativeTarget "test03UITests" */;
			buildPhases = (
				049750D01D43369300EE4564 /* Sources */,
				049750D11D43369300EE4564 /* Frameworks */,
				049750D21D43369300EE4564 /* Resources */,
			);
			buildRules = (
			);
			dependencies = (
				049750D61D43369300EE4564 /* PBXTargetDependency */,
			);
			name = test03UITests;
			productName = test03UITests;
			productReference = 049750D41D43369300EE4564 /* test03UITests.xctest */;
			productType = "com.apple.product-type.bundle.ui-testing";
		};
/* End PBXNativeTarget section */

/* Begin PBXProject section */
		049750AD1D43369300EE4564 /* Project object */ = {
			isa = PBXProject;
			attributes = {
				LastSwiftUpdateCheck = 0730;
				LastUpgradeCheck = 0730;
				ORGANIZATIONNAME = Mac;
				TargetAttributes = {
					049750B41D43369300EE4564 = {
						CreatedOnToolsVersion = 7.3.1;
						DevelopmentTeam = 9TYG47XVSZ;
					};
					049750C81D43369300EE4564 = {
						CreatedOnToolsVersion = 7.3.1;
						TestTargetID = 049750B41D43369300EE4564;
					};
					049750D31D43369300EE4564 = {
						CreatedOnToolsVersion = 7.3.1;
						TestTargetID = 049750B41D43369300EE4564;
					};
				};
			};
			buildConfigurationList = 049750B01D43369300EE4564 /* Build configuration list for PBXProject "test03" */;
			compatibilityVersion = "Xcode 3.2";
			developmentRegion = English;
			hasScannedForEncodings = 0;
			knownRegions = (
				en,
				Base,
			);
			mainGroup = 049750AC1D43369300EE4564;
			productRefGroup = 049750B61D43369300EE4564 /* Products */;
			projectDirPath = "";
			projectRoot = "";
			targets = (
				049750B41D43369300EE4564 /* test03 */,
				049750C81D43369300EE4564 /* test03Tests */,
				049750D31D43369300EE4564 /* test03UITests */,
			);
		};
/* End PBXProject section */

/* Begin PBXResourcesBuildPhase section */
		049750B31D43369300EE4564 /* Resources */ = {
			isa = PBXResourcesBuildPhase;
			buildActionMask = 2147483647;
			files = (
				049750C31D43369300EE4564 /* LaunchScreen.storyboard in Resources */,
				049750C01D43369300EE4564 /* Assets.xcassets in Resources */,
				049750BE1D43369300EE4564 /* Main.storyboard in Resources */,
			);
			runOnlyForDeploymentPostprocessing = 0;
		};
		049750C71D43369300EE4564 /* Resources */ = {
			isa = PBXResourcesBuildPhase;
			buildActionMask = 2147483647;
			files = (
			);
			runOnlyForDeploymentPostprocessing = 0;
		};
		049750D21D43369300EE4564 /* Resources */ = {
			isa = PBXResourcesBuildPhase;
			buildActionMask = 2147483647;
			files = (
			);
			runOnlyForDeploymentPostprocessing = 0;
		};
/* End PBXResourcesBuildPhase section */

/* Begin PBXSourcesBuildPhase section */
		049750B11D43369300EE4564 /* Sources */ = {
			isa = PBXSourcesBuildPhase;
			buildActionMask = 2147483647;
			files = (
				04432F931D4464A4003B05D9 /* CalculatorBrain.swift in Sources */,
				049750BB1D43369300EE4564 /* ViewController.swift in Sources */,
				049750B91D43369300EE4564 /* AppDelegate.swift in Sources */,
			);
			runOnlyForDeploymentPostprocessing = 0;
		};
		049750C51D43369300EE4564 /* Sources */ = {
			isa = PBXSourcesBuildPhase;
			buildActionMask = 2147483647;
			files = (
				049750CE1D43369300EE4564 /* test03Tests.swift in Sources */,
			);
			runOnlyForDeploymentPostprocessing = 0;
		};
		049750D01D43369300EE4564 /* Sources */ = {
			isa = PBXSourcesBuildPhase;
			buildActionMask = 2147483647;
			files = (
				049750D91D43369300EE4564 /* test03UITests.swift in Sources */,
			);
			runOnlyForDeploymentPostprocessing = 0;
		};
/* End PBXSourcesBuildPhase section */

/* Begin PBXTargetDependency section */
		049750CB1D43369300EE4564 /* PBXTargetDependency */ = {
			isa = PBXTargetDependency;
			target = 049750B41D43369300EE4564 /* test03 */;
			targetProxy = 049750CA1D43369300EE4564 /* PBXContainerItemProxy */;
		};
		049750D61D43369300EE4564 /* PBXTargetDependency */ = {
			isa = PBXTargetDependency;
			target = 049750B41D43369300EE4564 /* test03 */;
			targetProxy = 049750D51D43369300EE4564 /* PBXContainerItemProxy */;
		};
/* End PBXTargetDependency section */

/* Begin PBXVariantGroup section */
		049750BC1D43369300EE4564 /* Main.storyboard */ = {
			isa = PBXVariantGroup;
			children = (
				049750BD1D43369300EE4564 /* Base */,
			);
			name = Main.storyboard;
			sourceTree = "<group>";
		};
		049750C11D43369300EE4564 /* LaunchScreen.storyboard */ = {
			isa = PBXVariantGroup;
			children = (
				049750C21D43369300EE4564 /* Base */,
			);
			name = LaunchScreen.storyboard;
			sourceTree = "<group>";
		};
/* End PBXVariantGroup section */

/* Begin XCBuildConfiguration section */
		049750DB1D43369300EE4564 /* Debug */ = {
			isa = XCBuildConfiguration;
			buildSettings = {
				ALWAYS_SEARCH_USER_PATHS = NO;
				CLANG_ANALYZER_NONNULL = YES;
				CLANG_CXX_LANGUAGE_STANDARD = "gnu++0x";
				CLANG_CXX_LIBRARY = "libc++";
				CLANG_ENABLE_MODULES = YES;
				CLANG_ENABLE_OBJC_ARC = YES;
				CLANG_WARN_BOOL_CONVERSION = YES;
				CLANG_WARN_CONSTANT_CONVERSION = YES;
				CLANG_WARN_DIRECT_OBJC_ISA_USAGE = YES_ERROR;
				CLANG_WARN_EMPTY_BODY = YES;
				CLANG_WARN_ENUM_CONVERSION = YES;
				CLANG_WARN_INT_CONVERSION = YES;
				CLANG_WARN_OBJC_ROOT_CLASS = YES_ERROR;
				CLANG_WARN_UNREACHABLE_CODE = YES;
				CLANG_WARN__DUPLICATE_METHOD_MATCH = YES;
				"CODE_SIGN_IDENTITY[sdk=iphoneos*]" = "iPhone Developer";
				COPY_PHASE_STRIP = NO;
				DEBUG_INFORMATION_FORMAT = dwarf;
				ENABLE_STRICT_OBJC_MSGSEND = YES;
				ENABLE_TESTABILITY = YES;
				GCC_C_LANGUAGE_STANDARD = gnu99;
				GCC_DYNAMIC_NO_PIC = NO;
				GCC_NO_COMMON_BLOCKS = YES;
				GCC_OPTIMIZATION_LEVEL = 0;
				GCC_PREPROCESSOR_DEFINITIONS = (
					"DEBUG=1",
					"$(inherited)",
				);
				GCC_WARN_64_TO_32_BIT_CONVERSION = YES;
				GCC_WARN_ABOUT_RETURN_TYPE = YES_ERROR;
				GCC_WARN_UNDECLARED_SELECTOR = YES;
				GCC_WARN_UNINITIALIZED_AUTOS = YES_AGGRESSIVE;
				GCC_WARN_UNUSED_FUNCTION = YES;
				GCC_WARN_UNUSED_VARIABLE = YES;
				IPHONEOS_DEPLOYMENT_TARGET = 9.3;
				MTL_ENABLE_DEBUG_INFO = YES;
				ONLY_ACTIVE_ARCH = YES;
				SDKROOT = iphoneos;
				SWIFT_OPTIMIZATION_LEVEL = "-Onone";
				TARGETED_DEVICE_FAMILY = "1,2";
			};
			name = Debug;
		};
		049750DC1D43369300EE4564 /* Release */ = {
			isa = XCBuildConfiguration;
			buildSettings = {
				ALWAYS_SEARCH_USER_PATHS = NO;
				CLANG_ANALYZER_NONNULL = YES;
				CLANG_CXX_LANGUAGE_STANDARD = "gnu++0x";
				CLANG_CXX_LIBRARY = "libc++";
				CLANG_ENABLE_MODULES = YES;
				CLANG_ENABLE_OBJC_ARC = YES;
				CLANG_WARN_BOOL_CONVERSION = YES;
				CLANG_WARN_CONSTANT_CONVERSION = YES;
				CLANG_WARN_DIRECT_OBJC_ISA_USAGE = YES_ERROR;
				CLANG_WARN_EMPTY_BODY = YES;
				CLANG_WARN_ENUM_CONVERSION = YES;
				CLANG_WARN_INT_CONVERSION = YES;
				CLANG_WARN_OBJC_ROOT_CLASS = YES_ERROR;
				CLANG_WARN_UNREACHABLE_CODE = YES;
				CLANG_WARN__DUPLICATE_METHOD_MATCH = YES;
				"CODE_SIGN_IDENTITY[sdk=iphoneos*]" = "iPhone Developer";
				COPY_PHASE_STRIP = NO;
				DEBUG_INFORMATION_FORMAT = "dwarf-with-dsym";
				ENABLE_NS_ASSERTIONS = NO;
				ENABLE_STRICT_OBJC_MSGSEND = YES;
				GCC_C_LANGUAGE_STANDARD = gnu99;
				GCC_NO_COMMON_BLOCKS = YES;
				GCC_WARN_64_TO_32_BIT_CONVERSION = YES;
				GCC_WARN_ABOUT_RETURN_TYPE = YES_ERROR;
				GCC_WARN_UNDECLARED_SELECTOR = YES;
				GCC_WARN_UNINITIALIZED_AUTOS = YES_AGGRESSIVE;
				GCC_WARN_UNUSED_FUNCTION = YES;
				GCC_WARN_UNUSED_VARIABLE = YES;
				IPHONEOS_DEPLOYMENT_TARGET = 9.3;
				MTL_ENABLE_DEBUG_INFO = NO;
				SDKROOT = iphoneos;
				TARGETED_DEVICE_FAMILY = "1,2";
				VALIDATE_PRODUCT = YES;
			};
			name = Release;
		};
		049750DE1D43369300EE4564 /* Debug */ = {
			isa = XCBuildConfiguration;
			buildSettings = {
				ASSETCATALOG_COMPILER_APPICON_NAME = AppIcon;
				CODE_SIGN_IDENTITY = "iPhone Developer";
				"CODE_SIGN_IDENTITY[sdk=iphoneos*]" = "iPhone Developer";
				INFOPLIST_FILE = test03/Info.plist;
				LD_RUNPATH_SEARCH_PATHS = "$(inherited) @executable_path/Frameworks";
				PRODUCT_BUNDLE_IDENTIFIER = "-0160723.china.test03.test03";
				PRODUCT_NAME = "$(TARGET_NAME)";
				PROVISIONING_PROFILE = "";
			};
			name = Debug;
		};
		049750DF1D43369300EE4564 /* Release */ = {
			isa = XCBuildConfiguration;
			buildSettings = {
				ASSETCATALOG_COMPILER_APPICON_NAME = AppIcon;
				CODE_SIGN_IDENTITY = "iPhone Developer";
				"CODE_SIGN_IDENTITY[sdk=iphoneos*]" = "iPhone Developer";
				INFOPLIST_FILE = test03/Info.plist;
				LD_RUNPATH_SEARCH_PATHS = "$(inherited) @executable_path/Frameworks";
				PRODUCT_BUNDLE_IDENTIFIER = "-0160723.china.test03.test03";
				PRODUCT_NAME = "$(TARGET_NAME)";
				PROVISIONING_PROFILE = "";
			};
			name = Release;
		};
		049750E11D43369300EE4564 /* Debug */ = {
			isa = XCBuildConfiguration;
			buildSettings = {
				BUNDLE_LOADER = "$(TEST_HOST)";
				INFOPLIST_FILE = test03Tests/Info.plist;
				LD_RUNPATH_SEARCH_PATHS = "$(inherited) @executable_path/Frameworks @loader_path/Frameworks";
				PRODUCT_BUNDLE_IDENTIFIER = "-0160723.china.test03.test03Tests";
				PRODUCT_NAME = "$(TARGET_NAME)";
				TEST_HOST = "$(BUILT_PRODUCTS_DIR)/test03.app/test03";
			};
			name = Debug;
		};
		049750E21D43369300EE4564 /* Release */ = {
			isa = XCBuildConfiguration;
			buildSettings = {
				BUNDLE_LOADER = "$(TEST_HOST)";
				INFOPLIST_FILE = test03Tests/Info.plist;
				LD_RUNPATH_SEARCH_PATHS = "$(inherited) @executable_path/Frameworks @loader_path/Frameworks";
				PRODUCT_BUNDLE_IDENTIFIER = "-0160723.china.test03.test03Tests";
				PRODUCT_NAME = "$(TARGET_NAME)";
				TEST_HOST = "$(BUILT_PRODUCTS_DIR)/test03.app/test03";
			};
			name = Release;
		};
		049750E41D43369300EE4564 /* Debug */ = {
			isa = XCBuildConfiguration;
			buildSettings = {
				INFOPLIST_FILE = test03UITests/Info.plist;
				LD_RUNPATH_SEARCH_PATHS = "$(inherited) @executable_path/Frameworks @loader_path/Frameworks";
				PRODUCT_BUNDLE_IDENTIFIER = "-0160723.china.test03.test03UITests";
				PRODUCT_NAME = "$(TARGET_NAME)";
				TEST_TARGET_NAME = test03;
			};
			name = Debug;
		};
		049750E51D43369300EE4564 /* Release */ = {
			isa = XCBuildConfiguration;
			buildSettings = {
				INFOPLIST_FILE = test03UITests/Info.plist;
				LD_RUNPATH_SEARCH_PATHS = "$(inherited) @executable_path/Frameworks @loader_path/Frameworks";
				PRODUCT_BUNDLE_IDENTIFIER = "-0160723.china.test03.test03UITests";
				PRODUCT_NAME = "$(TARGET_NAME)";
				TEST_TARGET_NAME = test03;
			};
			name = Release;
		};
/* End XCBuildConfiguration section */

/* Begin XCConfigurationList section */
		049750B01D43369300EE4564 /* Build configuration list for PBXProject "test03" */ = {
			isa = XCConfigurationList;
			buildConfigurations = (
				049750DB1D43369300EE4564 /* Debug */,
				049750DC1D43369300EE4564 /* Release */,
			);
			defaultConfigurationIsVisible = 0;
			defaultConfigurationName = Release;
		};
		049750DD1D43369300EE4564 /* Build configuration list for PBXNativeTarget "test03" */ = {
			isa = XCConfigurationList;
			buildConfigurations = (
				049750DE1D43369300EE4564 /* Debug */,
				049750DF1D43369300EE4564 /* Release */,
			);
			defaultConfigurationIsVisible = 0;
			defaultConfigurationName = Release;
		};
		049750E01D43369300EE4564 /* Build configuration list for PBXNativeTarget "test03Tests" */ = {
			isa = XCConfigurationList;
			buildConfigurations = (
				049750E11D43369300EE4564 /* Debug */,
				049750E21D43369300EE4564 /* Release */,
			);
			defaultConfigurationIsVisible = 0;
			defaultConfigurationName = Release;
		};
		049750E31D43369300EE4564 /* Build configuration list for PBXNativeTarget "test03UITests" */ = {
			isa = XCConfigurationList;
			buildConfigurations = (
				049750E41D43369300EE4564 /* Debug */,
				049750E51D43369300EE4564 /* Release */,
			);
			defaultConfigurationIsVisible = 0;
			defaultConfigurationName = Release;
		};
/* End XCConfigurationList section */
	};
	rootObject = 049750AD1D43369300EE4564 /* Project object */;
}
